// !$*UTF8*$!
{
	archiveVersion = 1;
	classes = {
	};
	objectVersion = 46;
	objects = {

/* Begin PBXBuildFile section */
		6C6246DA1EC0A2740044F5B7 /* WeatherData.swift in Sources */ = {isa = PBXBuildFile; fileRef = 6C6246D91EC0A2740044F5B7 /* WeatherData.swift */; };
		6C631E1C1EBAFB4D00AC3D78 /* WeatherRequester.swift in Sources */ = {isa = PBXBuildFile; fileRef = 6C631E1B1EBAFB4D00AC3D78 /* WeatherRequester.swift */; };
		6C774E061EB75E1500709895 /* DustRequester.swift in Sources */ = {isa = PBXBuildFile; fileRef = 6C774E051EB75E1500709895 /* DustRequester.swift */; };
		6C774E0E1EB9F76800709895 /* GlobalConfig.swift in Sources */ = {isa = PBXBuildFile; fileRef = 6C774E0D1EB9F76800709895 /* GlobalConfig.swift */; };
		6C8BDBB11EB6F8D2001EA059 /* AppDelegate.swift in Sources */ = {isa = PBXBuildFile; fileRef = 6C8BDBB01EB6F8D2001EA059 /* AppDelegate.swift */; };
		6C8BDBB31EB6F8D2001EA059 /* ViewController.swift in Sources */ = {isa = PBXBuildFile; fileRef = 6C8BDBB21EB6F8D2001EA059 /* ViewController.swift */; };
		6C8BDBB61EB6F8D2001EA059 /* Main.storyboard in Resources */ = {isa = PBXBuildFile; fileRef = 6C8BDBB41EB6F8D2001EA059 /* Main.storyboard */; };
		6C8BDBB81EB6F8D2001EA059 /* Assets.xcassets in Resources */ = {isa = PBXBuildFile; fileRef = 6C8BDBB71EB6F8D2001EA059 /* Assets.xcassets */; };
		6C8BDBBB1EB6F8D2001EA059 /* LaunchScreen.storyboard in Resources */ = {isa = PBXBuildFile; fileRef = 6C8BDBB91EB6F8D2001EA059 /* LaunchScreen.storyboard */; };
		6C8BDBC61EB6F8D3001EA059 /* AudioWeatherTests.swift in Sources */ = {isa = PBXBuildFile; fileRef = 6C8BDBC51EB6F8D3001EA059 /* AudioWeatherTests.swift */; };
		6C8BDBD11EB6F8D3001EA059 /* AudioWeatherUITests.swift in Sources */ = {isa = PBXBuildFile; fileRef = 6C8BDBD01EB6F8D3001EA059 /* AudioWeatherUITests.swift */; };
/* End PBXBuildFile section */

/* Begin PBXContainerItemProxy section */
		6C8BDBC21EB6F8D3001EA059 /* PBXContainerItemProxy */ = {
			isa = PBXContainerItemProxy;
			containerPortal = 6C8BDBA51EB6F8D2001EA059 /* Project object */;
			proxyType = 1;
			remoteGlobalIDString = 6C8BDBAC1EB6F8D2001EA059;
			remoteInfo = AudioWeather;
		};
		6C8BDBCD1EB6F8D3001EA059 /* PBXContainerItemProxy */ = {
			isa = PBXContainerItemProxy;
			containerPortal = 6C8BDBA51EB6F8D2001EA059 /* Project object */;
			proxyType = 1;
			remoteGlobalIDString = 6C8BDBAC1EB6F8D2001EA059;
			remoteInfo = AudioWeather;
		};
/* End PBXContainerItemProxy section */

/* Begin PBXFileReference section */
		6C6246D91EC0A2740044F5B7 /* WeatherData.swift */ = {isa = PBXFileReference; fileEncoding = 4; lastKnownFileType = sourcecode.swift; path = WeatherData.swift; sourceTree = "<group>"; };
		6C631E1B1EBAFB4D00AC3D78 /* WeatherRequester.swift */ = {isa = PBXFileReference; fileEncoding = 4; lastKnownFileType = sourcecode.swift; path = WeatherRequester.swift; sourceTree = "<group>"; };
		6C774E051EB75E1500709895 /* DustRequester.swift */ = {isa = PBXFileReference; fileEncoding = 4; lastKnownFileType = sourcecode.swift; path = DustRequester.swift; sourceTree = "<group>"; };
		6C774E0D1EB9F76800709895 /* GlobalConfig.swift */ = {isa = PBXFileReference; fileEncoding = 4; lastKnownFileType = sourcecode.swift; path = GlobalConfig.swift; sourceTree = "<group>"; };
		6C8BDBAD1EB6F8D2001EA059 /* AudioWeather.app */ = {isa = PBXFileReference; explicitFileType = wrapper.application; includeInIndex = 0; path = AudioWeather.app; sourceTree = BUILT_PRODUCTS_DIR; };
		6C8BDBB01EB6F8D2001EA059 /* AppDelegate.swift */ = {isa = PBXFileReference; lastKnownFileType = sourcecode.swift; path = AppDelegate.swift; sourceTree = "<group>"; };
		6C8BDBB21EB6F8D2001EA059 /* ViewController.swift */ = {isa = PBXFileReference; lastKnownFileType = sourcecode.swift; path = ViewController.swift; sourceTree = "<group>"; };
		6C8BDBB51EB6F8D2001EA059 /* Base */ = {isa = PBXFileReference; lastKnownFileType = file.storyboard; name = Base; path = Base.lproj/Main.storyboard; sourceTree = "<group>"; };
		6C8BDBB71EB6F8D2001EA059 /* Assets.xcassets */ = {isa = PBXFileReference; lastKnownFileType = folder.assetcatalog; path = Assets.xcassets; sourceTree = "<group>"; };
		6C8BDBBA1EB6F8D2001EA059 /* Base */ = {isa = PBXFileReference; lastKnownFileType = file.storyboard; name = Base; path = Base.lproj/LaunchScreen.storyboard; sourceTree = "<group>"; };
		6C8BDBBC1EB6F8D2001EA059 /* Info.plist */ = {isa = PBXFileReference; lastKnownFileType = text.plist.xml; path = Info.plist; sourceTree = "<group>"; };
		6C8BDBC11EB6F8D3001EA059 /* AudioWeatherTests.xctest */ = {isa = PBXFileReference; explicitFileType = wrapper.cfbundle; includeInIndex = 0; path = AudioWeatherTests.xctest; sourceTree = BUILT_PRODUCTS_DIR; };
		6C8BDBC51EB6F8D3001EA059 /* AudioWeatherTests.swift */ = {isa = PBXFileReference; lastKnownFileType = sourcecode.swift; path = AudioWeatherTests.swift; sourceTree = "<group>"; };
		6C8BDBC71EB6F8D3001EA059 /* Info.plist */ = {isa = PBXFileReference; lastKnownFileType = text.plist.xml; path = Info.plist; sourceTree = "<group>"; };
		6C8BDBCC1EB6F8D3001EA059 /* AudioWeatherUITests.xctest */ = {isa = PBXFileReference; explicitFileType = wrapper.cfbundle; includeInIndex = 0; path = AudioWeatherUITests.xctest; sourceTree = BUILT_PRODUCTS_DIR; };
		6C8BDBD01EB6F8D3001EA059 /* AudioWeatherUITests.swift */ = {isa = PBXFileReference; lastKnownFileType = sourcecode.swift; path = AudioWeatherUITests.swift; sourceTree = "<group>"; };
		6C8BDBD21EB6F8D3001EA059 /* Info.plist */ = {isa = PBXFileReference; lastKnownFileType = text.plist.xml; path = Info.plist; sourceTree = "<group>"; };
/* End PBXFileReference section */

/* Begin PBXFrameworksBuildPhase section */
		6C8BDBAA1EB6F8D2001EA059 /* Frameworks */ = {
			isa = PBXFrameworksBuildPhase;
			buildActionMask = 2147483647;
			files = (
			);
			runOnlyForDeploymentPostprocessing = 0;
		};
		6C8BDBBE1EB6F8D3001EA059 /* Frameworks */ = {
			isa = PBXFrameworksBuildPhase;
			buildActionMask = 2147483647;
			files = (
			);
			runOnlyForDeploymentPostprocessing = 0;
		};
		6C8BDBC91EB6F8D3001EA059 /* Frameworks */ = {
			isa = PBXFrameworksBuildPhase;
			buildActionMask = 2147483647;
			files = (
			);
			runOnlyForDeploymentPostprocessing = 0;
		};
/* End PBXFrameworksBuildPhase section */

/* Begin PBXGroup section */
		6C774E041EB75C1500709895 /* Util */ = {
			isa = PBXGroup;
			children = (
				6C774E051EB75E1500709895 /* DustRequester.swift */,
				6C774E0D1EB9F76800709895 /* GlobalConfig.swift */,
				6C631E1B1EBAFB4D00AC3D78 /* WeatherRequester.swift */,
				6C6246D91EC0A2740044F5B7 /* WeatherData.swift */,
			);
			name = Util;
			sourceTree = "<group>";
		};
		6C8BDBA41EB6F8D2001EA059 = {
			isa = PBXGroup;
			children = (
				6C8BDBAF1EB6F8D2001EA059 /* AudioWeather */,
				6C8BDBC41EB6F8D3001EA059 /* AudioWeatherTests */,
				6C8BDBCF1EB6F8D3001EA059 /* AudioWeatherUITests */,
				6C8BDBAE1EB6F8D2001EA059 /* Products */,
			);
			sourceTree = "<group>";
		};
		6C8BDBAE1EB6F8D2001EA059 /* Products */ = {
			isa = PBXGroup;
			children = (
				6C8BDBAD1EB6F8D2001EA059 /* AudioWeather.app */,
				6C8BDBC11EB6F8D3001EA059 /* AudioWeatherTests.xctest */,
				6C8BDBCC1EB6F8D3001EA059 /* AudioWeatherUITests.xctest */,
			);
			name = Products;
			sourceTree = "<group>";
		};
		6C8BDBAF1EB6F8D2001EA059 /* AudioWeather */ = {
			isa = PBXGroup;
			children = (
				6C774E041EB75C1500709895 /* Util */,
				6C8BDBB01EB6F8D2001EA059 /* AppDelegate.swift */,
				6C8BDBB21EB6F8D2001EA059 /* ViewController.swift */,
				6C8BDBB41EB6F8D2001EA059 /* Main.storyboard */,
				6C8BDBB71EB6F8D2001EA059 /* Assets.xcassets */,
				6C8BDBB91EB6F8D2001EA059 /* LaunchScreen.storyboard */,
				6C8BDBBC1EB6F8D2001EA059 /* Info.plist */,
			);
			path = AudioWeather;
			sourceTree = "<group>";
		};
		6C8BDBC41EB6F8D3001EA059 /* AudioWeatherTests */ = {
			isa = PBXGroup;
			children = (
				6C8BDBC51EB6F8D3001EA059 /* AudioWeatherTests.swift */,
				6C8BDBC71EB6F8D3001EA059 /* Info.plist */,
			);
			path = AudioWeatherTests;
			sourceTree = "<group>";
		};
		6C8BDBCF1EB6F8D3001EA059 /* AudioWeatherUITests */ = {
			isa = PBXGroup;
			children = (
				6C8BDBD01EB6F8D3001EA059 /* AudioWeatherUITests.swift */,
				6C8BDBD21EB6F8D3001EA059 /* Info.plist */,
			);
			path = AudioWeatherUITests;
			sourceTree = "<group>";
		};
/* End PBXGroup section */

/* Begin PBXNativeTarget section */
		6C8BDBAC1EB6F8D2001EA059 /* AudioWeather */ = {
			isa = PBXNativeTarget;
			buildConfigurationList = 6C8BDBD51EB6F8D3001EA059 /* Build configuration list for PBXNativeTarget "AudioWeather" */;
			buildPhases = (
				6C8BDBA91EB6F8D2001EA059 /* Sources */,
				6C8BDBAA1EB6F8D2001EA059 /* Frameworks */,
				6C8BDBAB1EB6F8D2001EA059 /* Resources */,
			);
			buildRules = (
			);
			dependencies = (
			);
			name = AudioWeather;
			productName = AudioWeather;
			productReference = 6C8BDBAD1EB6F8D2001EA059 /* AudioWeather.app */;
			productType = "com.apple.product-type.application";
		};
		6C8BDBC01EB6F8D3001EA059 /* AudioWeatherTests */ = {
			isa = PBXNativeTarget;
			buildConfigurationList = 6C8BDBD81EB6F8D3001EA059 /* Build configuration list for PBXNativeTarget "AudioWeatherTests" */;
			buildPhases = (
				6C8BDBBD1EB6F8D3001EA059 /* Sources */,
				6C8BDBBE1EB6F8D3001EA059 /* Frameworks */,
				6C8BDBBF1EB6F8D3001EA059 /* Resources */,
			);
			buildRules = (
			);
			dependencies = (
				6C8BDBC31EB6F8D3001EA059 /* PBXTargetDependency */,
			);
			name = AudioWeatherTests;
			productName = AudioWeatherTests;
			productReference = 6C8BDBC11EB6F8D3001EA059 /* AudioWeatherTests.xctest */;
			productType = "com.apple.product-type.bundle.unit-test";
		};
		6C8BDBCB1EB6F8D3001EA059 /* AudioWeatherUITests */ = {
			isa = PBXNativeTarget;
			buildConfigurationList = 6C8BDBDB1EB6F8D3001EA059 /* Build configuration list for PBXNativeTarget "AudioWeatherUITests" */;
			buildPhases = (
				6C8BDBC81EB6F8D3001EA059 /* Sources */,
				6C8BDBC91EB6F8D3001EA059 /* Frameworks */,
				6C8BDBCA1EB6F8D3001EA059 /* Resources */,
			);
			buildRules = (
			);
			dependencies = (
				6C8BDBCE1EB6F8D3001EA059 /* PBXTargetDependency */,
			);
			name = AudioWeatherUITests;
			productName = AudioWeatherUITests;
			productReference = 6C8BDBCC1EB6F8D3001EA059 /* AudioWeatherUITests.xctest */;
			productType = "com.apple.product-type.bundle.ui-testing";
		};
/* End PBXNativeTarget section */

/* Begin PBXProject section */
		6C8BDBA51EB6F8D2001EA059 /* Project object */ = {
			isa = PBXProject;
			attributes = {
				LastSwiftUpdateCheck = 0830;
				LastUpgradeCheck = 0830;
				ORGANIZATIONNAME = "최인국";
				TargetAttributes = {
					6C8BDBAC1EB6F8D2001EA059 = {
						CreatedOnToolsVersion = 8.3.2;
						ProvisioningStyle = Automatic;
					};
					6C8BDBC01EB6F8D3001EA059 = {
						CreatedOnToolsVersion = 8.3.2;
						ProvisioningStyle = Automatic;
						TestTargetID = 6C8BDBAC1EB6F8D2001EA059;
					};
					6C8BDBCB1EB6F8D3001EA059 = {
						CreatedOnToolsVersion = 8.3.2;
						ProvisioningStyle = Automatic;
						TestTargetID = 6C8BDBAC1EB6F8D2001EA059;
					};
				};
			};
			buildConfigurationList = 6C8BDBA81EB6F8D2001EA059 /* Build configuration list for PBXProject "AudioWeather" */;
			compatibilityVersion = "Xcode 3.2";
			developmentRegion = English;
			hasScannedForEncodings = 0;
			knownRegions = (
				en,
				Base,
			);
			mainGroup = 6C8BDBA41EB6F8D2001EA059;
			productRefGroup = 6C8BDBAE1EB6F8D2001EA059 /* Products */;
			projectDirPath = "";
			projectRoot = "";
			targets = (
				6C8BDBAC1EB6F8D2001EA059 /* AudioWeather */,
				6C8BDBC01EB6F8D3001EA059 /* AudioWeatherTests */,
				6C8BDBCB1EB6F8D3001EA059 /* AudioWeatherUITests */,
			);
		};
/* End PBXProject section */

/* Begin PBXResourcesBuildPhase section */
		6C8BDBAB1EB6F8D2001EA059 /* Resources */ = {
			isa = PBXResourcesBuildPhase;
			buildActionMask = 2147483647;
			files = (
				6C8BDBBB1EB6F8D2001EA059 /* LaunchScreen.storyboard in Resources */,
				6C8BDBB81EB6F8D2001EA059 /* Assets.xcassets in Resources */,
				6C8BDBB61EB6F8D2001EA059 /* Main.storyboard in Resources */,
			);
			runOnlyForDeploymentPostprocessing = 0;
		};
		6C8BDBBF1EB6F8D3001EA059 /* Resources */ = {
			isa = PBXResourcesBuildPhase;
			buildActionMask = 2147483647;
			files = (
			);
			runOnlyForDeploymentPostprocessing = 0;
		};
		6C8BDBCA1EB6F8D3001EA059 /* Resources */ = {
			isa = PBXResourcesBuildPhase;
			buildActionMask = 2147483647;
			files = (
			);
			runOnlyForDeploymentPostprocessing = 0;
		};
/* End PBXResourcesBuildPhase section */

/* Begin PBXSourcesBuildPhase section */
		6C8BDBA91EB6F8D2001EA059 /* Sources */ = {
			isa = PBXSourcesBuildPhase;
			buildActionMask = 2147483647;
			files = (
				6C631E1C1EBAFB4D00AC3D78 /* WeatherRequester.swift in Sources */,
				6C774E0E1EB9F76800709895 /* GlobalConfig.swift in Sources */,
				6C8BDBB31EB6F8D2001EA059 /* ViewController.swift in Sources */,
				6C8BDBB11EB6F8D2001EA059 /* AppDelegate.swift in Sources */,
				6C6246DA1EC0A2740044F5B7 /* WeatherData.swift in Sources */,
				6C774E061EB75E1500709895 /* DustRequester.swift in Sources */,
			);
			runOnlyForDeploymentPostprocessing = 0;
		};
		6C8BDBBD1EB6F8D3001EA059 /* Sources */ = {
			isa = PBXSourcesBuildPhase;
			buildActionMask = 2147483647;
			files = (
				6C8BDBC61EB6F8D3001EA059 /* AudioWeatherTests.swift in Sources */,
			);
			runOnlyForDeploymentPostprocessing = 0;
		};
		6C8BDBC81EB6F8D3001EA059 /* Sources */ = {
			isa = PBXSourcesBuildPhase;
			buildActionMask = 2147483647;
			files = (
				6C8BDBD11EB6F8D3001EA059 /* AudioWeatherUITests.swift in Sources */,
			);
			runOnlyForDeploymentPostprocessing = 0;
		};
/* End PBXSourcesBuildPhase section */

/* Begin PBXTargetDependency section */
		6C8BDBC31EB6F8D3001EA059 /* PBXTargetDependency */ = {
			isa = PBXTargetDependency;
			target = 6C8BDBAC1EB6F8D2001EA059 /* AudioWeather */;
			targetProxy = 6C8BDBC21EB6F8D3001EA059 /* PBXContainerItemProxy */;
		};
		6C8BDBCE1EB6F8D3001EA059 /* PBXTargetDependency */ = {
			isa = PBXTargetDependency;
			target = 6C8BDBAC1EB6F8D2001EA059 /* AudioWeather */;
			targetProxy = 6C8BDBCD1EB6F8D3001EA059 /* PBXContainerItemProxy */;
		};
/* End PBXTargetDependency section */

/* Begin PBXVariantGroup section */
		6C8BDBB41EB6F8D2001EA059 /* Main.storyboard */ = {
			isa = PBXVariantGroup;
			children = (
				6C8BDBB51EB6F8D2001EA059 /* Base */,
			);
			name = Main.storyboard;
			sourceTree = "<group>";
		};
		6C8BDBB91EB6F8D2001EA059 /* LaunchScreen.storyboard */ = {
			isa = PBXVariantGroup;
			children = (
				6C8BDBBA1EB6F8D2001EA059 /* Base */,
			);
			name = LaunchScreen.storyboard;
			sourceTree = "<group>";
		};
/* End PBXVariantGroup section */

/* Begin XCBuildConfiguration section */
		6C8BDBD31EB6F8D3001EA059 /* Debug */ = {
			isa = XCBuildConfiguration;
			buildSettings = {
				ALWAYS_SEARCH_USER_PATHS = NO;
				CLANG_ANALYZER_NONNULL = YES;
				CLANG_ANALYZER_NUMBER_OBJECT_CONVERSION = YES_AGGRESSIVE;
				CLANG_CXX_LANGUAGE_STANDARD = "gnu++0x";
				CLANG_CXX_LIBRARY = "libc++";
				CLANG_ENABLE_MODULES = YES;
				CLANG_ENABLE_OBJC_ARC = YES;
				CLANG_WARN_BOOL_CONVERSION = YES;
				CLANG_WARN_CONSTANT_CONVERSION = YES;
				CLANG_WARN_DIRECT_OBJC_ISA_USAGE = YES_ERROR;
				CLANG_WARN_DOCUMENTATION_COMMENTS = YES;
				CLANG_WARN_EMPTY_BODY = YES;
				CLANG_WARN_ENUM_CONVERSION = YES;
				CLANG_WARN_INFINITE_RECURSION = YES;
				CLANG_WARN_INT_CONVERSION = YES;
				CLANG_WARN_OBJC_ROOT_CLASS = YES_ERROR;
				CLANG_WARN_SUSPICIOUS_MOVE = YES;
				CLANG_WARN_UNREACHABLE_CODE = YES;
				CLANG_WARN__DUPLICATE_METHOD_MATCH = YES;
				"CODE_SIGN_IDENTITY[sdk=iphoneos*]" = "iPhone Developer";
				COPY_PHASE_STRIP = NO;
				DEBUG_INFORMATION_FORMAT = dwarf;
				ENABLE_STRICT_OBJC_MSGSEND = YES;
				ENABLE_TESTABILITY = YES;
				GCC_C_LANGUAGE_STANDARD = gnu99;
				GCC_DYNAMIC_NO_PIC = NO;
				GCC_NO_COMMON_BLOCKS = YES;
				GCC_OPTIMIZATION_LEVEL = 0;
				GCC_PREPROCESSOR_DEFINITIONS = (
					"DEBUG=1",
					"$(inherited)",
				);
				GCC_WARN_64_TO_32_BIT_CONVERSION = YES;
				GCC_WARN_ABOUT_RETURN_TYPE = YES_ERROR;
				GCC_WARN_UNDECLARED_SELECTOR = YES;
				GCC_WARN_UNINITIALIZED_AUTOS = YES_AGGRESSIVE;
				GCC_WARN_UNUSED_FUNCTION = YES;
				GCC_WARN_UNUSED_VARIABLE = YES;
				IPHONEOS_DEPLOYMENT_TARGET = 10.3;
				MTL_ENABLE_DEBUG_INFO = YES;
				ONLY_ACTIVE_ARCH = YES;
				SDKROOT = iphoneos;
				SWIFT_ACTIVE_COMPILATION_CONDITIONS = DEBUG;
				SWIFT_OPTIMIZATION_LEVEL = "-Onone";
				TARGETED_DEVICE_FAMILY = "1,2";
			};
			name = Debug;
		};
		6C8BDBD41EB6F8D3001EA059 /* Release */ = {
			isa = XCBuildConfiguration;
			buildSettings = {
				ALWAYS_SEARCH_USER_PATHS = NO;
				CLANG_ANALYZER_NONNULL = YES;
				CLANG_ANALYZER_NUMBER_OBJECT_CONVERSION = YES_AGGRESSIVE;
				CLANG_CXX_LANGUAGE_STANDARD = "gnu++0x";
				CLANG_CXX_LIBRARY = "libc++";
				CLANG_ENABLE_MODULES = YES;
				CLANG_ENABLE_OBJC_ARC = YES;
				CLANG_WARN_BOOL_CONVERSION = YES;
				CLANG_WARN_CONSTANT_CONVERSION = YES;
				CLANG_WARN_DIRECT_OBJC_ISA_USAGE = YES_ERROR;
				CLANG_WARN_DOCUMENTATION_COMMENTS = YES;
				CLANG_WARN_EMPTY_BODY = YES;
				CLANG_WARN_ENUM_CONVERSION = YES;
				CLANG_WARN_INFINITE_RECURSION = YES;
				CLANG_WARN_INT_CONVERSION = YES;
				CLANG_WARN_OBJC_ROOT_CLASS = YES_ERROR;
				CLANG_WARN_SUSPICIOUS_MOVE = YES;
				CLANG_WARN_UNREACHABLE_CODE = YES;
				CLANG_WARN__DUPLICATE_METHOD_MATCH = YES;
				"CODE_SIGN_IDENTITY[sdk=iphoneos*]" = "iPhone Developer";
				COPY_PHASE_STRIP = NO;
				DEBUG_INFORMATION_FORMAT = "dwarf-with-dsym";
				ENABLE_NS_ASSERTIONS = NO;
				ENABLE_STRICT_OBJC_MSGSEND = YES;
				GCC_C_LANGUAGE_STANDARD = gnu99;
				GCC_NO_COMMON_BLOCKS = YES;
				GCC_WARN_64_TO_32_BIT_CONVERSION = YES;
				GCC_WARN_ABOUT_RETURN_TYPE = YES_ERROR;
				GCC_WARN_UNDECLARED_SELECTOR = YES;
				GCC_WARN_UNINITIALIZED_AUTOS = YES_AGGRESSIVE;
				GCC_WARN_UNUSED_FUNCTION = YES;
				GCC_WARN_UNUSED_VARIABLE = YES;
				IPHONEOS_DEPLOYMENT_TARGET = 10.3;
				MTL_ENABLE_DEBUG_INFO = NO;
				SDKROOT = iphoneos;
				SWIFT_OPTIMIZATION_LEVEL = "-Owholemodule";
				TARGETED_DEVICE_FAMILY = "1,2";
				VALIDATE_PRODUCT = YES;
			};
			name = Release;
		};
		6C8BDBD61EB6F8D3001EA059 /* Debug */ = {
			isa = XCBuildConfiguration;
			buildSettings = {
				ASSETCATALOG_COMPILER_APPICON_NAME = AppIcon;
				INFOPLIST_FILE = AudioWeather/Info.plist;
				LD_RUNPATH_SEARCH_PATHS = "$(inherited) @executable_path/Frameworks";
				PRODUCT_BUNDLE_IDENTIFIER = ikchoi.AudioWeather;
				PRODUCT_NAME = "$(TARGET_NAME)";
				SWIFT_VERSION = 3.0;
			};
			name = Debug;
		};
		6C8BDBD71EB6F8D3001EA059 /* Release */ = {
			isa = XCBuildConfiguration;
			buildSettings = {
				ASSETCATALOG_COMPILER_APPICON_NAME = AppIcon;
				INFOPLIST_FILE = AudioWeather/Info.plist;
				LD_RUNPATH_SEARCH_PATHS = "$(inherited) @executable_path/Frameworks";
				PRODUCT_BUNDLE_IDENTIFIER = ikchoi.AudioWeather;
				PRODUCT_NAME = "$(TARGET_NAME)";
				SWIFT_VERSION = 3.0;
			};
			name = Release;
		};
		6C8BDBD91EB6F8D3001EA059 /* Debug */ = {
			isa = XCBuildConfiguration;
			buildSettings = {
				ALWAYS_EMBED_SWIFT_STANDARD_LIBRARIES = YES;
				BUNDLE_LOADER = "$(TEST_HOST)";
				INFOPLIST_FILE = AudioWeatherTests/Info.plist;
				LD_RUNPATH_SEARCH_PATHS = "$(inherited) @executable_path/Frameworks @loader_path/Frameworks";
				PRODUCT_BUNDLE_IDENTIFIER = ikchoi.AudioWeatherTests;
				PRODUCT_NAME = "$(TARGET_NAME)";
				SWIFT_VERSION = 3.0;
				TEST_HOST = "$(BUILT_PRODUCTS_DIR)/AudioWeather.app/AudioWeather";
			};
			name = Debug;
		};
		6C8BDBDA1EB6F8D3001EA059 /* Release */ = {
			isa = XCBuildConfiguration;
			buildSettings = {
				ALWAYS_EMBED_SWIFT_STANDARD_LIBRARIES = YES;
				BUNDLE_LOADER = "$(TEST_HOST)";
				INFOPLIST_FILE = AudioWeatherTests/Info.plist;
				LD_RUNPATH_SEARCH_PATHS = "$(inherited) @executable_path/Frameworks @loader_path/Frameworks";
				PRODUCT_BUNDLE_IDENTIFIER = ikchoi.AudioWeatherTests;
				PRODUCT_NAME = "$(TARGET_NAME)";
				SWIFT_VERSION = 3.0;
				TEST_HOST = "$(BUILT_PRODUCTS_DIR)/AudioWeather.app/AudioWeather";
			};
			name = Release;
		};
		6C8BDBDC1EB6F8D3001EA059 /* Debug */ = {
			isa = XCBuildConfiguration;
			buildSettings = {
				ALWAYS_EMBED_SWIFT_STANDARD_LIBRARIES = YES;
				INFOPLIST_FILE = AudioWeatherUITests/Info.plist;
				LD_RUNPATH_SEARCH_PATHS = "$(inherited) @executable_path/Frameworks @loader_path/Frameworks";
				PRODUCT_BUNDLE_IDENTIFIER = ikchoi.AudioWeatherUITests;
				PRODUCT_NAME = "$(TARGET_NAME)";
				SWIFT_VERSION = 3.0;
				TEST_TARGET_NAME = AudioWeather;
			};
			name = Debug;
		};
		6C8BDBDD1EB6F8D3001EA059 /* Release */ = {
			isa = XCBuildConfiguration;
			buildSettings = {
				ALWAYS_EMBED_SWIFT_STANDARD_LIBRARIES = YES;
				INFOPLIST_FILE = AudioWeatherUITests/Info.plist;
				LD_RUNPATH_SEARCH_PATHS = "$(inherited) @executable_path/Frameworks @loader_path/Frameworks";
				PRODUCT_BUNDLE_IDENTIFIER = ikchoi.AudioWeatherUITests;
				PRODUCT_NAME = "$(TARGET_NAME)";
				SWIFT_VERSION = 3.0;
				TEST_TARGET_NAME = AudioWeather;
			};
			name = Release;
		};
/* End XCBuildConfiguration section */

/* Begin XCConfigurationList section */
		6C8BDBA81EB6F8D2001EA059 /* Build configuration list for PBXProject "AudioWeather" */ = {
			isa = XCConfigurationList;
			buildConfigurations = (
				6C8BDBD31EB6F8D3001EA059 /* Debug */,
				6C8BDBD41EB6F8D3001EA059 /* Release */,
			);
			defaultConfigurationIsVisible = 0;
			defaultConfigurationName = Release;
		};
		6C8BDBD51EB6F8D3001EA059 /* Build configuration list for PBXNativeTarget "AudioWeather" */ = {
			isa = XCConfigurationList;
			buildConfigurations = (
				6C8BDBD61EB6F8D3001EA059 /* Debug */,
				6C8BDBD71EB6F8D3001EA059 /* Release */,
			);
			defaultConfigurationIsVisible = 0;
			defaultConfigurationName = Release;
		};
		6C8BDBD81EB6F8D3001EA059 /* Build configuration list for PBXNativeTarget "AudioWeatherTests" */ = {
			isa = XCConfigurationList;
			buildConfigurations = (
				6C8BDBD91EB6F8D3001EA059 /* Debug */,
				6C8BDBDA1EB6F8D3001EA059 /* Release */,
			);
			defaultConfigurationIsVisible = 0;
			defaultConfigurationName = Release;
		};
		6C8BDBDB1EB6F8D3001EA059 /* Build configuration list for PBXNativeTarget "AudioWeatherUITests" */ = {
			isa = XCConfigurationList;
			buildConfigurations = (
				6C8BDBDC1EB6F8D3001EA059 /* Debug */,
				6C8BDBDD1EB6F8D3001EA059 /* Release */,
			);
			defaultConfigurationIsVisible = 0;
			defaultConfigurationName = Release;
		};
/* End XCConfigurationList section */
	};
	rootObject = 6C8BDBA51EB6F8D2001EA059 /* Project object */;
}
